
Microsoft Visual Studio Solution File, Format Version 12.00
# Visual Studio Version 17
VisualStudioVersion = 17.0.31903.59
MinimumVisualStudioVersion = 10.0.40219.1
Project("{2150E333-8FDC-42A3-9474-1A3956D46DE8}") = "src", "src", "{827E0CD3-B72D-47B6-A68D-7590B98EB39B}"
EndProject
Project("{FAE04EC0-301F-11D3-BF4B-00C04F79EFBC}") = "Sms.Domain", "src\Sms.Domain\Sms.Domain.csproj", "{54CCDD13-8C85-4912-81EA-603CB1472367}"
EndProject
Project("{FAE04EC0-301F-11D3-BF4B-00C04F79EFBC}") = "Sms.Application", "src\Sms.Application\Sms.Application.csproj", "{7AA89C25-2378-4884-BFDD-03822384B6A5}"
EndProject
Project("{FAE04EC0-301F-11D3-BF4B-00C04F79EFBC}") = "Sms.Infrastructure", "src\Sms.Infrastructure\Sms.Infrastructure.csproj", "{28AEDEA8-71DD-4D35-98D5-C541731B47A3}"
EndProject
Project("{FAE04EC0-301F-11D3-BF4B-00C04F79EFBC}") = "Sms.WebApi", "src\Sms.WebApi\Sms.WebApi.csproj", "{616F4EF9-8B4D-412F-886B-70450A58B814}"
EndProject
Project("{2150E333-8FDC-42A3-9474-1A3956D46DE8}") = "tests", "tests", "{0AB3BF05-4346-4AA6-1389-037BE0695223}"
EndProject
Project("{FAE04EC0-301F-11D3-BF4B-00C04F79EFBC}") = "Sms.Application.Tests", "tests\Sms.Application.Tests\Sms.Application.Tests.csproj", "{ED5B6D66-ED7B-4C32-92EA-4F0E688FD575}"
EndProject
Project("{FAE04EC0-301F-11D3-BF4B-00C04F79EFBC}") = "Sms.WebApi.Tests", "tests\Sms.WebApi.Tests\Sms.WebApi.Tests.csproj", "{3090143D-17EF-464F-90E6-41F63D83838D}"
EndProject
Global
	GlobalSection(SolutionConfigurationPlatforms) = preSolution
		Debug|Any CPU = Debug|Any CPU
		Debug|x64 = Debug|x64
		Debug|x86 = Debug|x86
		Release|Any CPU = Release|Any CPU
		Release|x64 = Release|x64
		Release|x86 = Release|x86
	EndGlobalSection
	GlobalSection(ProjectConfigurationPlatforms) = postSolution
		{54CCDD13-8C85-4912-81EA-603CB1472367}.Debug|Any CPU.ActiveCfg = Debug|Any CPU
		{54CCDD13-8C85-4912-81EA-603CB1472367}.Debug|Any CPU.Build.0 = Debug|Any CPU
		{54CCDD13-8C85-4912-81EA-603CB1472367}.Debug|x64.ActiveCfg = Debug|Any CPU
		{54CCDD13-8C85-4912-81EA-603CB1472367}.Debug|x64.Build.0 = Debug|Any CPU
		{54CCDD13-8C85-4912-81EA-603CB1472367}.Debug|x86.ActiveCfg = Debug|Any CPU
		{54CCDD13-8C85-4912-81EA-603CB1472367}.Debug|x86.Build.0 = Debug|Any CPU
		{54CCDD13-8C85-4912-81EA-603CB1472367}.Release|Any CPU.ActiveCfg = Release|Any CPU
		{54CCDD13-8C85-4912-81EA-603CB1472367}.Release|Any CPU.Build.0 = Release|Any CPU
		{54CCDD13-8C85-4912-81EA-603CB1472367}.Release|x64.ActiveCfg = Release|Any CPU
		{54CCDD13-8C85-4912-81EA-603CB1472367}.Release|x64.Build.0 = Release|Any CPU
		{54CCDD13-8C85-4912-81EA-603CB1472367}.Release|x86.ActiveCfg = Release|Any CPU
		{54CCDD13-8C85-4912-81EA-603CB1472367}.Release|x86.Build.0 = Release|Any CPU
		{7AA89C25-2378-4884-BFDD-03822384B6A5}.Debug|Any CPU.ActiveCfg = Debug|Any CPU
		{7AA89C25-2378-4884-BFDD-03822384B6A5}.Debug|Any CPU.Build.0 = Debug|Any CPU
		{7AA89C25-2378-4884-BFDD-03822384B6A5}.Debug|x64.ActiveCfg = Debug|Any CPU
		{7AA89C25-2378-4884-BFDD-03822384B6A5}.Debug|x64.Build.0 = Debug|Any CPU
		{7AA89C25-2378-4884-BFDD-03822384B6A5}.Debug|x86.ActiveCfg = Debug|Any CPU
		{7AA89C25-2378-4884-BFDD-03822384B6A5}.Debug|x86.Build.0 = Debug|Any CPU
		{7AA89C25-2378-4884-BFDD-03822384B6A5}.Release|Any CPU.ActiveCfg = Release|Any CPU
		{7AA89C25-2378-4884-BFDD-03822384B6A5}.Release|Any CPU.Build.0 = Release|Any CPU
		{7AA89C25-2378-4884-BFDD-03822384B6A5}.Release|x64.ActiveCfg = Release|Any CPU
		{7AA89C25-2378-4884-BFDD-03822384B6A5}.Release|x64.Build.0 = Release|Any CPU
		{7AA89C25-2378-4884-BFDD-03822384B6A5}.Release|x86.ActiveCfg = Release|Any CPU
		{7AA89C25-2378-4884-BFDD-03822384B6A5}.Release|x86.Build.0 = Release|Any CPU
		{28AEDEA8-71DD-4D35-98D5-C541731B47A3}.Debug|Any CPU.ActiveCfg = Debug|Any CPU
		{28AEDEA8-71DD-4D35-98D5-C541731B47A3}.Debug|Any CPU.Build.0 = Debug|Any CPU
		{28AEDEA8-71DD-4D35-98D5-C541731B47A3}.Debug|x64.ActiveCfg = Debug|Any CPU
		{28AEDEA8-71DD-4D35-98D5-C541731B47A3}.Debug|x64.Build.0 = Debug|Any CPU
		{28AEDEA8-71DD-4D35-98D5-C541731B47A3}.Debug|x86.ActiveCfg = Debug|Any CPU
		{28AEDEA8-71DD-4D35-98D5-C541731B47A3}.Debug|x86.Build.0 = Debug|Any CPU
		{28AEDEA8-71DD-4D35-98D5-C541731B47A3}.Release|Any CPU.ActiveCfg = Release|Any CPU
		{28AEDEA8-71DD-4D35-98D5-C541731B47A3}.Release|Any CPU.Build.0 = Release|Any CPU
		{28AEDEA8-71DD-4D35-98D5-C541731B47A3}.Release|x64.ActiveCfg = Release|Any CPU
		{28AEDEA8-71DD-4D35-98D5-C541731B47A3}.Release|x64.Build.0 = Release|Any CPU
		{28AEDEA8-71DD-4D35-98D5-C541731B47A3}.Release|x86.ActiveCfg = Release|Any CPU
		{28AEDEA8-71DD-4D35-98D5-C541731B47A3}.Release|x86.Build.0 = Release|Any CPU
		{616F4EF9-8B4D-412F-886B-70450A58B814}.Debug|Any CPU.ActiveCfg = Debug|Any CPU
		{616F4EF9-8B4D-412F-886B-70450A58B814}.Debug|Any CPU.Build.0 = Debug|Any CPU
		{616F4EF9-8B4D-412F-886B-70450A58B814}.Debug|x64.ActiveCfg = Debug|Any CPU
		{616F4EF9-8B4D-412F-886B-70450A58B814}.Debug|x64.Build.0 = Debug|Any CPU
		{616F4EF9-8B4D-412F-886B-70450A58B814}.Debug|x86.ActiveCfg = Debug|Any CPU
		{616F4EF9-8B4D-412F-886B-70450A58B814}.Debug|x86.Build.0 = Debug|Any CPU
		{616F4EF9-8B4D-412F-886B-70450A58B814}.Release|Any CPU.ActiveCfg = Release|Any CPU
		{616F4EF9-8B4D-412F-886B-70450A58B814}.Release|Any CPU.Build.0 = Release|Any CPU
		{616F4EF9-8B4D-412F-886B-70450A58B814}.Release|x64.ActiveCfg = Release|Any CPU
		{616F4EF9-8B4D-412F-886B-70450A58B814}.Release|x64.Build.0 = Release|Any CPU
		{616F4EF9-8B4D-412F-886B-70450A58B814}.Release|x86.ActiveCfg = Release|Any CPU
		{616F4EF9-8B4D-412F-886B-70450A58B814}.Release|x86.Build.0 = Release|Any CPU
		{ED5B6D66-ED7B-4C32-92EA-4F0E688FD575}.Debug|Any CPU.ActiveCfg = Debug|Any CPU
		{ED5B6D66-ED7B-4C32-92EA-4F0E688FD575}.Debug|Any CPU.Build.0 = Debug|Any CPU
		{ED5B6D66-ED7B-4C32-92EA-4F0E688FD575}.Debug|x64.ActiveCfg = Debug|Any CPU
		{ED5B6D66-ED7B-4C32-92EA-4F0E688FD575}.Debug|x64.Build.0 = Debug|Any CPU
		{ED5B6D66-ED7B-4C32-92EA-4F0E688FD575}.Debug|x86.ActiveCfg = Debug|Any CPU
		{ED5B6D66-ED7B-4C32-92EA-4F0E688FD575}.Debug|x86.Build.0 = Debug|Any CPU
		{ED5B6D66-ED7B-4C32-92EA-4F0E688FD575}.Release|Any CPU.ActiveCfg = Release|Any CPU
		{ED5B6D66-ED7B-4C32-92EA-4F0E688FD575}.Release|Any CPU.Build.0 = Release|Any CPU
		{ED5B6D66-ED7B-4C32-92EA-4F0E688FD575}.Release|x64.ActiveCfg = Release|Any CPU
		{ED5B6D66-ED7B-4C32-92EA-4F0E688FD575}.Release|x64.Build.0 = Release|Any CPU
		{ED5B6D66-ED7B-4C32-92EA-4F0E688FD575}.Release|x86.ActiveCfg = Release|Any CPU
		{ED5B6D66-ED7B-4C32-92EA-4F0E688FD575}.Release|x86.Build.0 = Release|Any CPU
		{3090143D-17EF-464F-90E6-41F63D83838D}.Debug|Any CPU.ActiveCfg = Debug|Any CPU
		{3090143D-17EF-464F-90E6-41F63D83838D}.Debug|Any CPU.Build.0 = Debug|Any CPU
		{3090143D-17EF-464F-90E6-41F63D83838D}.Debug|x64.ActiveCfg = Debug|Any CPU
		{3090143D-17EF-464F-90E6-41F63D83838D}.Debug|x64.Build.0 = Debug|Any CPU
		{3090143D-17EF-464F-90E6-41F63D83838D}.Debug|x86.ActiveCfg = Debug|Any CPU
		{3090143D-17EF-464F-90E6-41F63D83838D}.Debug|x86.Build.0 = Debug|Any CPU
		{3090143D-17EF-464F-90E6-41F63D83838D}.Release|Any CPU.ActiveCfg = Release|Any CPU
		{3090143D-17EF-464F-90E6-41F63D83838D}.Release|Any CPU.Build.0 = Release|Any CPU
		{3090143D-17EF-464F-90E6-41F63D83838D}.Release|x64.ActiveCfg = Release|Any CPU
		{3090143D-17EF-464F-90E6-41F63D83838D}.Release|x64.Build.0 = Release|Any CPU
		{3090143D-17EF-464F-90E6-41F63D83838D}.Release|x86.ActiveCfg = Release|Any CPU
		{3090143D-17EF-464F-90E6-41F63D83838D}.Release|x86.Build.0 = Release|Any CPU
	EndGlobalSection
	GlobalSection(SolutionProperties) = preSolution
		HideSolutionNode = FALSE
	EndGlobalSection
	GlobalSection(NestedProjects) = preSolution
		{54CCDD13-8C85-4912-81EA-603CB1472367} = {827E0CD3-B72D-47B6-A68D-7590B98EB39B}
		{7AA89C25-2378-4884-BFDD-03822384B6A5} = {827E0CD3-B72D-47B6-A68D-7590B98EB39B}
		{28AEDEA8-71DD-4D35-98D5-C541731B47A3} = {827E0CD3-B72D-47B6-A68D-7590B98EB39B}
		{616F4EF9-8B4D-412F-886B-70450A58B814} = {827E0CD3-B72D-47B6-A68D-7590B98EB39B}
		{ED5B6D66-ED7B-4C32-92EA-4F0E688FD575} = {0AB3BF05-4346-4AA6-1389-037BE0695223}
		{3090143D-17EF-464F-90E6-41F63D83838D} = {0AB3BF05-4346-4AA6-1389-037BE0695223}
	EndGlobalSection
EndGlobal
